
Microsoft Visual Studio Solution File, Format Version 12.00
# Visual Studio Version 16
VisualStudioVersion = 16.0.30204.135
MinimumVisualStudioVersion = 10.0.40219.1
Project("{9A19103F-16F7-4668-BE54-9A1E7A4F7556}") = "ExtractImages", "ExtractImages\ExtractImages.csproj", "{DAACDB48-3010-48EE-8B59-2256418690E1}"
EndProject
Project("{FAE04EC0-301F-11D3-BF4B-00C04F79EFBC}") = "ExtractImages.SqlServer.Driver", "ExtractImages.SqlServer.Driver\ExtractImages.SqlServer.Driver.csproj", "{E7A68AFC-F3C4-48F8-8AEA-777FF4B58AC1}"
EndProject
Project("{FAE04EC0-301F-11D3-BF4B-00C04F79EFBC}") = "ExtractImages.Dto", "ExtractImages.Dto\ExtractImages.Dto.csproj", "{A97B09BC-96D3-495A-9029-5080B1815614}"
EndProject
Project("{FAE04EC0-301F-11D3-BF4B-00C04F79EFBC}") = "ExtractImages.Utilities", "ExtractImages.Utilities\ExtractImages.Utilities.csproj", "{D9217CB4-68CD-483E-8457-3D7BBE075BC0}"
EndProject
Global
	GlobalSection(SolutionConfigurationPlatforms) = preSolution
		Debug|Any CPU = Debug|Any CPU
		Release|Any CPU = Release|Any CPU
	EndGlobalSection
	GlobalSection(ProjectConfigurationPlatforms) = postSolution
		{DAACDB48-3010-48EE-8B59-2256418690E1}.Debug|Any CPU.ActiveCfg = Debug|Any CPU
		{DAACDB48-3010-48EE-8B59-2256418690E1}.Debug|Any CPU.Build.0 = Debug|Any CPU
		{DAACDB48-3010-48EE-8B59-2256418690E1}.Release|Any CPU.ActiveCfg = Release|Any CPU
		{DAACDB48-3010-48EE-8B59-2256418690E1}.Release|Any CPU.Build.0 = Release|Any CPU
		{E7A68AFC-F3C4-48F8-8AEA-777FF4B58AC1}.Debug|Any CPU.ActiveCfg = Debug|Any CPU
		{E7A68AFC-F3C4-48F8-8AEA-777FF4B58AC1}.Debug|Any CPU.Build.0 = Debug|Any CPU
		{E7A68AFC-F3C4-48F8-8AEA-777FF4B58AC1}.Release|Any CPU.ActiveCfg = Release|Any CPU
		{E7A68AFC-F3C4-48F8-8AEA-777FF4B58AC1}.Release|Any CPU.Build.0 = Release|Any CPU
		{A97B09BC-96D3-495A-9029-5080B1815614}.Debug|Any CPU.ActiveCfg = Debug|Any CPU
		{A97B09BC-96D3-495A-9029-5080B1815614}.Debug|Any CPU.Build.0 = Debug|Any CPU
		{A97B09BC-96D3-495A-9029-5080B1815614}.Release|Any CPU.ActiveCfg = Release|Any CPU
		{A97B09BC-96D3-495A-9029-5080B1815614}.Release|Any CPU.Build.0 = Release|Any CPU
		{D9217CB4-68CD-483E-8457-3D7BBE075BC0}.Debug|Any CPU.ActiveCfg = Debug|Any CPU
		{D9217CB4-68CD-483E-8457-3D7BBE075BC0}.Debug|Any CPU.Build.0 = Debug|Any CPU
		{D9217CB4-68CD-483E-8457-3D7BBE075BC0}.Release|Any CPU.ActiveCfg = Release|Any CPU
		{D9217CB4-68CD-483E-8457-3D7BBE075BC0}.Release|Any CPU.Build.0 = Release|Any CPU
	EndGlobalSection
	GlobalSection(SolutionProperties) = preSolution
		HideSolutionNode = FALSE
	EndGlobalSection
	GlobalSection(ExtensibilityGlobals) = postSolution
		SolutionGuid = {8B0B6463-459E-455A-B4FB-ECC927D95FF4}
	EndGlobalSection
EndGlobal
